<?xml version="1.0" encoding="utf-8"?>
<Project ToolsVersion="4.0" xmlns="http://schemas.microsoft.com/developer/msbuild/2003">
  <ItemGroup>
    <ClCompile Include="main.cpp" />
    <ClCompile Include="matlab-gui.cpp">
      <Filter>Source Files</Filter>
    </ClCompile>
    <ClCompile Include="widgets\widgets.cc">
      <Filter>Source Files</Filter>
    </ClCompile>
    <ClCompile Include="widgets\button.cc">
      <Filter>Source Files</Filter>
    </ClCompile>
    <ClCompile Include="paintingWidget.cpp">
      <Filter>Source Files</Filter>
    </ClCompile>
  </ItemGroup>
  <ItemGroup>
    <Filter Include="Resource Files">
      <UniqueIdentifier>{D9D6E242-F8AF-46E4-B9FD-80ECBC20BA3E}</UniqueIdentifier>
      <Extensions>qrc;*</Extensions>
      <ParseFiles>false</ParseFiles>
    </Filter>
    <Filter Include="Source Files">
      <UniqueIdentifier>{4FC737F1-C7A5-4376-A066-2A32D752A2FF}</UniqueIdentifier>
      <Extensions>cpp;c;cc;cxx;def;odl;idl;hpj;bat;asm;asmx</Extensions>
      <ParseFiles>true</ParseFiles>
    </Filter>
    <Filter Include="Header Files">
      <UniqueIdentifier>{93995380-89BD-4b04-88EB-625FBE52EBFB}</UniqueIdentifier>
      <Extensions>h;hh;hpp;hxx;hm;inl;inc;xsd</Extensions>
      <ParseFiles>true</ParseFiles>
    </Filter>
    <Filter Include="Form Files">
      <UniqueIdentifier>{99349809-55BA-4b9d-BF79-8FDBB0286EB3}</UniqueIdentifier>
      <Extensions>ui</Extensions>
      <ParseFiles>true</ParseFiles>
    </Filter>
    <Filter Include="Header Files\v8pp">
      <UniqueIdentifier>{7235bf74-24ba-45cc-9e61-0b8882eb89b9}</UniqueIdentifier>
    </Filter>
  </ItemGroup>
  <ItemGroup>
    <QtMoc Include="widgets\button.h">
      <Filter>Source Files</Filter>
    </QtMoc>
    <QtMoc Include="matlab-gui.h">
      <Filter>Header Files</Filter>
    </QtMoc>
    <QtMoc Include="paintingWidget.h">
      <Filter>Header Files</Filter>
    </QtMoc>
  </ItemGroup>
  <ItemGroup>
    <QtUic Include="matlab-gui.ui">
      <Filter>Form Files</Filter>
    </QtUic>
  </ItemGroup>
  <ItemGroup>
    <QtRcc Include="matlab-gui.qrc">
      <Filter>Resource Files</Filter>
    </QtRcc>
  </ItemGroup>
  <ItemGroup>
    <None Include="packages.config" />
    <None Include="cpp.hint" />
  </ItemGroup>
  <ItemGroup>
    <ClInclude Include="widgets\widgets-registery.h">
      <Filter>Source Files</Filter>
    </ClInclude>
    <ClInclude Include="widgets\widgets.h">
      <Filter>Source Files</Filter>
    </ClInclude>
    <ClInclude Include="..\3rdparty\include\v8pp\call_from_v8.hpp">
      <Filter>Header Files\v8pp</Filter>
    </ClInclude>
    <ClInclude Include="..\3rdparty\include\v8pp\call_v8.hpp">
      <Filter>Header Files\v8pp</Filter>
    </ClInclude>
    <ClInclude Include="..\3rdparty\include\v8pp\class.hpp">
      <Filter>Header Files\v8pp</Filter>
    </ClInclude>
    <ClInclude Include="..\3rdparty\include\v8pp\class.ipp">
      <Filter>Header Files\v8pp</Filter>
    </ClInclude>
    <ClInclude Include="..\3rdparty\include\v8pp\config.hpp">
      <Filter>Header Files\v8pp</Filter>
    </ClInclude>
    <ClInclude Include="..\3rdparty\include\v8pp\context.hpp">
      <Filter>Header Files\v8pp</Filter>
    </ClInclude>
    <ClInclude Include="..\3rdparty\include\v8pp\convert.hpp">
      <Filter>Header Files\v8pp</Filter>
    </ClInclude>
    <ClInclude Include="..\3rdparty\include\v8pp\factory.hpp">
      <Filter>Header Files\v8pp</Filter>
    </ClInclude>
    <ClInclude Include="..\3rdparty\include\v8pp\function.hpp">
      <Filter>Header Files\v8pp</Filter>
    </ClInclude>
    <ClInclude Include="..\3rdparty\include\v8pp\json.hpp">
      <Filter>Header Files\v8pp</Filter>
    </ClInclude>
    <ClInclude Include="..\3rdparty\include\v8pp\json.ipp">
      <Filter>Header Files\v8pp</Filter>
    </ClInclude>
    <ClInclude Include="..\3rdparty\include\v8pp\module.hpp">
      <Filter>Header Files\v8pp</Filter>
    </ClInclude>
    <ClInclude Include="..\3rdparty\include\v8pp\object.hpp">
      <Filter>Header Files\v8pp</Filter>
    </ClInclude>
    <ClInclude Include="..\3rdparty\include\v8pp\persistent.hpp">
      <Filter>Header Files\v8pp</Filter>
    </ClInclude>
    <ClInclude Include="..\3rdparty\include\v8pp\property.hpp">
      <Filter>Header Files\v8pp</Filter>
    </ClInclude>
    <ClInclude Include="..\3rdparty\include\v8pp\ptr_traits.hpp">
      <Filter>Header Files\v8pp</Filter>
    </ClInclude>
    <ClInclude Include="..\3rdparty\include\v8pp\throw_ex.hpp">
      <Filter>Header Files\v8pp</Filter>
    </ClInclude>
    <ClInclude Include="..\3rdparty\include\v8pp\throw_ex.ipp">
      <Filter>Header Files\v8pp</Filter>
    </ClInclude>
    <ClInclude Include="..\3rdparty\include\v8pp\utility.hpp">
      <Filter>Header Files\v8pp</Filter>
    </ClInclude>
    <ClInclude Include="widgets\widget-helper.h">
      <Filter>Source Files</Filter>
    </ClInclude>
    <ClInclude Include="widgets\registry.h">
      <Filter>Source Files</Filter>
    </ClInclude>
  </ItemGroup>
</Project>